
Microsoft Visual Studio Solution File, Format Version 12.00
# Visual Studio 15
VisualStudioVersion = 15.0.28307.168
MinimumVisualStudioVersion = 10.0.40219.1
Project("{FAE04EC0-301F-11D3-BF4B-00C04F79EFBC}") = "Lighthouse", "Lighthouse\Lighthouse.csproj", "{EB847770-D556-4F67-AB46-0FC5777EBB85}"
EndProject
Global
	GlobalSection(SolutionConfigurationPlatforms) = preSolution
		Debug|Any CPU = Debug|Any CPU
		Release|Any CPU = Release|Any CPU
	EndGlobalSection
	GlobalSection(ProjectConfigurationPlatforms) = postSolution
		{EB847770-D556-4F67-AB46-0FC5777EBB85}.Debug|Any CPU.ActiveCfg = Debug|Any CPU
		{EB847770-D556-4F67-AB46-0FC5777EBB85}.Debug|Any CPU.Build.0 = Debug|Any CPU
		{EB847770-D556-4F67-AB46-0FC5777EBB85}.Release|Any CPU.ActiveCfg = Release|Any CPU
		{EB847770-D556-4F67-AB46-0FC5777EBB85}.Release|Any CPU.Build.0 = Release|Any CPU
	EndGlobalSection
	GlobalSection(SolutionProperties) = preSolution
		HideSolutionNode = FALSE
	EndGlobalSection
	GlobalSection(ExtensibilityGlobals) = postSolution
		SolutionGuid = {AC852E6F-D268-459F-B28F-013AF68F2F55}
	EndGlobalSection
EndGlobal
